
Microsoft Visual Studio Solution File, Format Version 12.00
# Visual Studio Version 16
VisualStudioVersion = 16.0.31321.278
MinimumVisualStudioVersion = 10.0.40219.1
Project("{9A19103F-16F7-4668-BE54-9A1E7A4F7556}") = "Accountant's Assistant", "Accountant's Assistant\Accountant's Assistant.csproj", "{A6EEA5EC-BAA6-4B47-8B03-AB9625810823}"
EndProject
Project("{54435603-DBB4-11D2-8724-00A0C9A8B90C}") = "Setup", "Setup\Setup.vdproj", "{07719B8B-10D1-4A6A-8172-02CEED90C92D}"
EndProject
Global
	GlobalSection(SolutionConfigurationPlatforms) = preSolution
		Debug|Any CPU = Debug|Any CPU
		Release|Any CPU = Release|Any CPU
	EndGlobalSection
	GlobalSection(ProjectConfigurationPlatforms) = postSolution
		{A6EEA5EC-BAA6-4B47-8B03-AB9625810823}.Debug|Any CPU.ActiveCfg = Debug|Any CPU
		{A6EEA5EC-BAA6-4B47-8B03-AB9625810823}.Debug|Any CPU.Build.0 = Debug|Any CPU
		{A6EEA5EC-BAA6-4B47-8B03-AB9625810823}.Release|Any CPU.ActiveCfg = Release|Any CPU
		{A6EEA5EC-BAA6-4B47-8B03-AB9625810823}.Release|Any CPU.Build.0 = Release|Any CPU
		{07719B8B-10D1-4A6A-8172-02CEED90C92D}.Debug|Any CPU.ActiveCfg = Debug
		{07719B8B-10D1-4A6A-8172-02CEED90C92D}.Release|Any CPU.ActiveCfg = Release
	EndGlobalSection
	GlobalSection(SolutionProperties) = preSolution
		HideSolutionNode = FALSE
	EndGlobalSection
	GlobalSection(ExtensibilityGlobals) = postSolution
		SolutionGuid = {AD41EB98-E4E0-4BC2-80DB-98349B0502FF}
	EndGlobalSection
EndGlobal
